// !$*UTF8*$!
{
	archiveVersion = 1;
	classes = {
	};
	objectVersion = 51;
	objects = {

/* Begin PBXBuildFile section */
		6E638A5E6568A0F53545839B /* Pods_ProSoohyuk.framework in Frameworks */ = {isa = PBXBuildFile; fileRef = 835B32D5D5CF2F1057C8546C /* Pods_ProSoohyuk.framework */; };
		CC3D5C33256160B7003A0081 /* AppDelegate.swift in Sources */ = {isa = PBXBuildFile; fileRef = CC3D5C32256160B7003A0081 /* AppDelegate.swift */; };
		CC3D5C35256160B7003A0081 /* SceneDelegate.swift in Sources */ = {isa = PBXBuildFile; fileRef = CC3D5C34256160B7003A0081 /* SceneDelegate.swift */; };
		CC3D5C3A256160B7003A0081 /* Main.storyboard in Resources */ = {isa = PBXBuildFile; fileRef = CC3D5C38256160B7003A0081 /* Main.storyboard */; };
		CC3D5C3C256160B8003A0081 /* Assets.xcassets in Resources */ = {isa = PBXBuildFile; fileRef = CC3D5C3B256160B8003A0081 /* Assets.xcassets */; };
		CC3D5C3F256160B8003A0081 /* LaunchScreen.storyboard in Resources */ = {isa = PBXBuildFile; fileRef = CC3D5C3D256160B8003A0081 /* LaunchScreen.storyboard */; };
		CC8DCAB92562608F00BD6E5A /* GoogleService-Info.plist in Resources */ = {isa = PBXBuildFile; fileRef = CC8DCAB82562608F00BD6E5A /* GoogleService-Info.plist */; };
		CC8DCAC1256267BB00BD6E5A /* MainViewController.swift in Sources */ = {isa = PBXBuildFile; fileRef = CC8DCAC0256267BB00BD6E5A /* MainViewController.swift */; };
		CC8DCAC5256278B300BD6E5A /* FirstViewController.swift in Sources */ = {isa = PBXBuildFile; fileRef = CC8DCAC4256278B300BD6E5A /* FirstViewController.swift */; };
		CC8DCAC8256278C700BD6E5A /* SecondViewController.swift in Sources */ = {isa = PBXBuildFile; fileRef = CC8DCAC7256278C700BD6E5A /* SecondViewController.swift */; };
		CC8DCACB256278DB00BD6E5A /* ThirdViewController.swift in Sources */ = {isa = PBXBuildFile; fileRef = CC8DCACA256278DB00BD6E5A /* ThirdViewController.swift */; };
		CC8DCACE256278EC00BD6E5A /* FourthViewController.swift in Sources */ = {isa = PBXBuildFile; fileRef = CC8DCACD256278EC00BD6E5A /* FourthViewController.swift */; };
		CC8DCAD1256278FC00BD6E5A /* FifthViewController.swift in Sources */ = {isa = PBXBuildFile; fileRef = CC8DCAD0256278FC00BD6E5A /* FifthViewController.swift */; };
		CC8DCAD4256292CF00BD6E5A /* HtmlTest.html in Resources */ = {isa = PBXBuildFile; fileRef = CC8DCAD3256292CF00BD6E5A /* HtmlTest.html */; };
/* End PBXBuildFile section */

/* Begin PBXFileReference section */
		835B32D5D5CF2F1057C8546C /* Pods_ProSoohyuk.framework */ = {isa = PBXFileReference; explicitFileType = wrapper.framework; includeInIndex = 0; path = Pods_ProSoohyuk.framework; sourceTree = BUILT_PRODUCTS_DIR; };
		9EF710938774DDBD308E05A2 /* Pods-ProSoohyuk.release.xcconfig */ = {isa = PBXFileReference; includeInIndex = 1; lastKnownFileType = text.xcconfig; name = "Pods-ProSoohyuk.release.xcconfig"; path = "Target Support Files/Pods-ProSoohyuk/Pods-ProSoohyuk.release.xcconfig"; sourceTree = "<group>"; };
		CC3D5C2F256160B7003A0081 /* ProSoohyuk.app */ = {isa = PBXFileReference; explicitFileType = wrapper.application; includeInIndex = 0; path = ProSoohyuk.app; sourceTree = BUILT_PRODUCTS_DIR; };
		CC3D5C32256160B7003A0081 /* AppDelegate.swift */ = {isa = PBXFileReference; lastKnownFileType = sourcecode.swift; path = AppDelegate.swift; sourceTree = "<group>"; };
		CC3D5C34256160B7003A0081 /* SceneDelegate.swift */ = {isa = PBXFileReference; lastKnownFileType = sourcecode.swift; path = SceneDelegate.swift; sourceTree = "<group>"; };
		CC3D5C39256160B7003A0081 /* Base */ = {isa = PBXFileReference; lastKnownFileType = file.storyboard; name = Base; path = Base.lproj/Main.storyboard; sourceTree = "<group>"; };
		CC3D5C3B256160B8003A0081 /* Assets.xcassets */ = {isa = PBXFileReference; lastKnownFileType = folder.assetcatalog; path = Assets.xcassets; sourceTree = "<group>"; };
		CC3D5C3E256160B8003A0081 /* Base */ = {isa = PBXFileReference; lastKnownFileType = file.storyboard; name = Base; path = Base.lproj/LaunchScreen.storyboard; sourceTree = "<group>"; };
		CC3D5C40256160B8003A0081 /* Info.plist */ = {isa = PBXFileReference; lastKnownFileType = text.plist.xml; path = Info.plist; sourceTree = "<group>"; };
		CC3D5C5725616957003A0081 /* ProSoohyuk.entitlements */ = {isa = PBXFileReference; lastKnownFileType = text.plist.entitlements; path = ProSoohyuk.entitlements; sourceTree = "<group>"; };
		CC8DCAB82562608F00BD6E5A /* GoogleService-Info.plist */ = {isa = PBXFileReference; fileEncoding = 4; lastKnownFileType = text.plist.xml; path = "GoogleService-Info.plist"; sourceTree = "<group>"; };
		CC8DCAC0256267BB00BD6E5A /* MainViewController.swift */ = {isa = PBXFileReference; lastKnownFileType = sourcecode.swift; path = MainViewController.swift; sourceTree = "<group>"; };
		CC8DCAC4256278B300BD6E5A /* FirstViewController.swift */ = {isa = PBXFileReference; lastKnownFileType = sourcecode.swift; path = FirstViewController.swift; sourceTree = "<group>"; };
		CC8DCAC7256278C700BD6E5A /* SecondViewController.swift */ = {isa = PBXFileReference; lastKnownFileType = sourcecode.swift; path = SecondViewController.swift; sourceTree = "<group>"; };
		CC8DCACA256278DB00BD6E5A /* ThirdViewController.swift */ = {isa = PBXFileReference; lastKnownFileType = sourcecode.swift; path = ThirdViewController.swift; sourceTree = "<group>"; };
		CC8DCACD256278EC00BD6E5A /* FourthViewController.swift */ = {isa = PBXFileReference; lastKnownFileType = sourcecode.swift; path = FourthViewController.swift; sourceTree = "<group>"; };
		CC8DCAD0256278FC00BD6E5A /* FifthViewController.swift */ = {isa = PBXFileReference; lastKnownFileType = sourcecode.swift; path = FifthViewController.swift; sourceTree = "<group>"; };
		CC8DCAD3256292CF00BD6E5A /* HtmlTest.html */ = {isa = PBXFileReference; fileEncoding = 4; lastKnownFileType = text.html; path = HtmlTest.html; sourceTree = "<group>"; };
		D95DB5716DD90FDE57D08CF1 /* Pods-ProSoohyuk.debug.xcconfig */ = {isa = PBXFileReference; includeInIndex = 1; lastKnownFileType = text.xcconfig; name = "Pods-ProSoohyuk.debug.xcconfig"; path = "Target Support Files/Pods-ProSoohyuk/Pods-ProSoohyuk.debug.xcconfig"; sourceTree = "<group>"; };
/* End PBXFileReference section */

/* Begin PBXFrameworksBuildPhase section */
		CC3D5C2C256160B7003A0081 /* Frameworks */ = {
			isa = PBXFrameworksBuildPhase;
			buildActionMask = 2147483647;
			files = (
				6E638A5E6568A0F53545839B /* Pods_ProSoohyuk.framework in Frameworks */,
			);
			runOnlyForDeploymentPostprocessing = 0;
		};
/* End PBXFrameworksBuildPhase section */

/* Begin PBXGroup section */
		055FFF54FB969F220F19AE80 /* Pods */ = {
			isa = PBXGroup;
			children = (
				D95DB5716DD90FDE57D08CF1 /* Pods-ProSoohyuk.debug.xcconfig */,
				9EF710938774DDBD308E05A2 /* Pods-ProSoohyuk.release.xcconfig */,
			);
			path = Pods;
			sourceTree = "<group>";
		};
		544006165D88BF44D9E8F2F2 /* Frameworks */ = {
			isa = PBXGroup;
			children = (
				835B32D5D5CF2F1057C8546C /* Pods_ProSoohyuk.framework */,
			);
			name = Frameworks;
			sourceTree = "<group>";
		};
		CC3D5C26256160B7003A0081 = {
			isa = PBXGroup;
			children = (
				CC3D5C31256160B7003A0081 /* ProSoohyuk */,
				CC3D5C30256160B7003A0081 /* Products */,
				055FFF54FB969F220F19AE80 /* Pods */,
				544006165D88BF44D9E8F2F2 /* Frameworks */,
			);
			sourceTree = "<group>";
		};
		CC3D5C30256160B7003A0081 /* Products */ = {
			isa = PBXGroup;
			children = (
				CC3D5C2F256160B7003A0081 /* ProSoohyuk.app */,
			);
			name = Products;
			sourceTree = "<group>";
		};
		CC3D5C31256160B7003A0081 /* ProSoohyuk */ = {
			isa = PBXGroup;
			children = (
				CC8DCAD3256292CF00BD6E5A /* HtmlTest.html */,
				CC8DCAB82562608F00BD6E5A /* GoogleService-Info.plist */,
				CC3D5C5725616957003A0081 /* ProSoohyuk.entitlements */,
				CC3D5C32256160B7003A0081 /* AppDelegate.swift */,
				CC3D5C34256160B7003A0081 /* SceneDelegate.swift */,
				CC8DCAC0256267BB00BD6E5A /* MainViewController.swift */,
				CC3D5C38256160B7003A0081 /* Main.storyboard */,
				CC3D5C3B256160B8003A0081 /* Assets.xcassets */,
				CC3D5C3D256160B8003A0081 /* LaunchScreen.storyboard */,
				CC3D5C40256160B8003A0081 /* Info.plist */,
				CC8DCAC4256278B300BD6E5A /* FirstViewController.swift */,
				CC8DCAC7256278C700BD6E5A /* SecondViewController.swift */,
				CC8DCACA256278DB00BD6E5A /* ThirdViewController.swift */,
				CC8DCACD256278EC00BD6E5A /* FourthViewController.swift */,
				CC8DCAD0256278FC00BD6E5A /* FifthViewController.swift */,
			);
			path = ProSoohyuk;
			sourceTree = "<group>";
		};
/* End PBXGroup section */

/* Begin PBXNativeTarget section */
		CC3D5C2E256160B7003A0081 /* ProSoohyuk */ = {
			isa = PBXNativeTarget;
			buildConfigurationList = CC3D5C43256160B8003A0081 /* Build configuration list for PBXNativeTarget "ProSoohyuk" */;
			buildPhases = (
				1C51E6944EA337CF155A9A14 /* [CP] Check Pods Manifest.lock */,
				CC3D5C2B256160B7003A0081 /* Sources */,
				CC3D5C2C256160B7003A0081 /* Frameworks */,
				CC3D5C2D256160B7003A0081 /* Resources */,
				37BF207B270A1E9B910C6DC6 /* [CP] Embed Pods Frameworks */,
			);
			buildRules = (
			);
			dependencies = (
			);
			name = ProSoohyuk;
			productName = ProSoohyuk;
			productReference = CC3D5C2F256160B7003A0081 /* ProSoohyuk.app */;
			productType = "com.apple.product-type.application";
		};
/* End PBXNativeTarget section */

/* Begin PBXProject section */
		CC3D5C27256160B7003A0081 /* Project object */ = {
			isa = PBXProject;
			attributes = {
				LastSwiftUpdateCheck = 1220;
				LastUpgradeCheck = 1220;
				TargetAttributes = {
					CC3D5C2E256160B7003A0081 = {
						CreatedOnToolsVersion = 12.2;
					};
				};
			};
			buildConfigurationList = CC3D5C2A256160B7003A0081 /* Build configuration list for PBXProject "ProSoohyuk" */;
			compatibilityVersion = "Xcode 9.3";
			developmentRegion = en;
			hasScannedForEncodings = 0;
			knownRegions = (
				en,
				Base,
			);
			mainGroup = CC3D5C26256160B7003A0081;
			productRefGroup = CC3D5C30256160B7003A0081 /* Products */;
			projectDirPath = "";
			projectRoot = "";
			targets = (
				CC3D5C2E256160B7003A0081 /* ProSoohyuk */,
			);
		};
/* End PBXProject section */

/* Begin PBXResourcesBuildPhase section */
		CC3D5C2D256160B7003A0081 /* Resources */ = {
			isa = PBXResourcesBuildPhase;
			buildActionMask = 2147483647;
			files = (
				CC3D5C3F256160B8003A0081 /* LaunchScreen.storyboard in Resources */,
				CC8DCAB92562608F00BD6E5A /* GoogleService-Info.plist in Resources */,
				CC3D5C3C256160B8003A0081 /* Assets.xcassets in Resources */,
				CC3D5C3A256160B7003A0081 /* Main.storyboard in Resources */,
				CC8DCAD4256292CF00BD6E5A /* HtmlTest.html in Resources */,
			);
			runOnlyForDeploymentPostprocessing = 0;
		};
/* End PBXResourcesBuildPhase section */

/* Begin PBXShellScriptBuildPhase section */
		1C51E6944EA337CF155A9A14 /* [CP] Check Pods Manifest.lock */ = {
			isa = PBXShellScriptBuildPhase;
			buildActionMask = 2147483647;
			files = (
			);
			inputFileListPaths = (
			);
			inputPaths = (
				"${PODS_PODFILE_DIR_PATH}/Podfile.lock",
				"${PODS_ROOT}/Manifest.lock",
			);
			name = "[CP] Check Pods Manifest.lock";
			outputFileListPaths = (
			);
			outputPaths = (
				"$(DERIVED_FILE_DIR)/Pods-ProSoohyuk-checkManifestLockResult.txt",
			);
			runOnlyForDeploymentPostprocessing = 0;
			shellPath = /bin/sh;
			shellScript = "diff \"${PODS_PODFILE_DIR_PATH}/Podfile.lock\" \"${PODS_ROOT}/Manifest.lock\" > /dev/null\nif [ $? != 0 ] ; then\n    # print error to STDERR\n    echo \"error: The sandbox is not in sync with the Podfile.lock. Run 'pod install' or update your CocoaPods installation.\" >&2\n    exit 1\nfi\n# This output is used by Xcode 'outputs' to avoid re-running this script phase.\necho \"SUCCESS\" > \"${SCRIPT_OUTPUT_FILE_0}\"\n";
			showEnvVarsInLog = 0;
		};
		37BF207B270A1E9B910C6DC6 /* [CP] Embed Pods Frameworks */ = {
			isa = PBXShellScriptBuildPhase;
			buildActionMask = 2147483647;
			files = (
			);
			inputFileListPaths = (
				"${PODS_ROOT}/Target Support Files/Pods-ProSoohyuk/Pods-ProSoohyuk-frameworks-${CONFIGURATION}-input-files.xcfilelist",
			);
			name = "[CP] Embed Pods Frameworks";
			outputFileListPaths = (
				"${PODS_ROOT}/Target Support Files/Pods-ProSoohyuk/Pods-ProSoohyuk-frameworks-${CONFIGURATION}-output-files.xcfilelist",
			);
			runOnlyForDeploymentPostprocessing = 0;
			shellPath = /bin/sh;
			shellScript = "\"${PODS_ROOT}/Target Support Files/Pods-ProSoohyuk/Pods-ProSoohyuk-frameworks.sh\"\n";
			showEnvVarsInLog = 0;
		};
/* End PBXShellScriptBuildPhase section */

/* Begin PBXSourcesBuildPhase section */
		CC3D5C2B256160B7003A0081 /* Sources */ = {
			isa = PBXSourcesBuildPhase;
			buildActionMask = 2147483647;
			files = (
				CC3D5C33256160B7003A0081 /* AppDelegate.swift in Sources */,
				CC3D5C35256160B7003A0081 /* SceneDelegate.swift in Sources */,
				CC8DCAC1256267BB00BD6E5A /* MainViewController.swift in Sources */,
				CC8DCACE256278EC00BD6E5A /* FourthViewController.swift in Sources */,
				CC8DCAD1256278FC00BD6E5A /* FifthViewController.swift in Sources */,
				CC8DCAC8256278C700BD6E5A /* SecondViewController.swift in Sources */,
				CC8DCACB256278DB00BD6E5A /* ThirdViewController.swift in Sources */,
				CC8DCAC5256278B300BD6E5A /* FirstViewController.swift in Sources */,
			);
			runOnlyForDeploymentPostprocessing = 0;
		};
/* End PBXSourcesBuildPhase section */

/* Begin PBXVariantGroup section */
		CC3D5C38256160B7003A0081 /* Main.storyboard */ = {
			isa = PBXVariantGroup;
			children = (
				CC3D5C39256160B7003A0081 /* Base */,
			);
			name = Main.storyboard;
			sourceTree = "<group>";
		};
		CC3D5C3D256160B8003A0081 /* LaunchScreen.storyboard */ = {
			isa = PBXVariantGroup;
			children = (
				CC3D5C3E256160B8003A0081 /* Base */,
			);
			name = LaunchScreen.storyboard;
			sourceTree = "<group>";
		};
/* End PBXVariantGroup section */

/* Begin XCBuildConfiguration section */
		CC3D5C41256160B8003A0081 /* Debug */ = {
			isa = XCBuildConfiguration;
			buildSettings = {
				ALWAYS_SEARCH_USER_PATHS = NO;
				CLANG_ANALYZER_NONNULL = YES;
				CLANG_ANALYZER_NUMBER_OBJECT_CONVERSION = YES_AGGRESSIVE;
				CLANG_CXX_LANGUAGE_STANDARD = "gnu++14";
				CLANG_CXX_LIBRARY = "libc++";
				CLANG_ENABLE_MODULES = YES;
				CLANG_ENABLE_OBJC_ARC = YES;
				CLANG_ENABLE_OBJC_WEAK = YES;
				CLANG_WARN_BLOCK_CAPTURE_AUTORELEASING = YES;
				CLANG_WARN_BOOL_CONVERSION = YES;
				CLANG_WARN_COMMA = YES;
				CLANG_WARN_CONSTANT_CONVERSION = YES;
				CLANG_WARN_DEPRECATED_OBJC_IMPLEMENTATIONS = YES;
				CLANG_WARN_DIRECT_OBJC_ISA_USAGE = YES_ERROR;
				CLANG_WARN_DOCUMENTATION_COMMENTS = YES;
				CLANG_WARN_EMPTY_BODY = YES;
				CLANG_WARN_ENUM_CONVERSION = YES;
				CLANG_WARN_INFINITE_RECURSION = YES;
				CLANG_WARN_INT_CONVERSION = YES;
				CLANG_WARN_NON_LITERAL_NULL_CONVERSION = YES;
				CLANG_WARN_OBJC_IMPLICIT_RETAIN_SELF = YES;
				CLANG_WARN_OBJC_LITERAL_CONVERSION = YES;
				CLANG_WARN_OBJC_ROOT_CLASS = YES_ERROR;
				CLANG_WARN_QUOTED_INCLUDE_IN_FRAMEWORK_HEADER = YES;
				CLANG_WARN_RANGE_LOOP_ANALYSIS = YES;
				CLANG_WARN_STRICT_PROTOTYPES = YES;
				CLANG_WARN_SUSPICIOUS_MOVE = YES;
				CLANG_WARN_UNGUARDED_AVAILABILITY = YES_AGGRESSIVE;
				CLANG_WARN_UNREACHABLE_CODE = YES;
				CLANG_WARN__DUPLICATE_METHOD_MATCH = YES;
				COPY_PHASE_STRIP = NO;
				DEBUG_INFORMATION_FORMAT = dwarf;
				ENABLE_STRICT_OBJC_MSGSEND = YES;
				ENABLE_TESTABILITY = YES;
				GCC_C_LANGUAGE_STANDARD = gnu11;
				GCC_DYNAMIC_NO_PIC = NO;
				GCC_NO_COMMON_BLOCKS = YES;
				GCC_OPTIMIZATION_LEVEL = 0;
				GCC_PREPROCESSOR_DEFINITIONS = (
					"DEBUG=1",
					"$(inherited)",
				);
				GCC_WARN_64_TO_32_BIT_CONVERSION = YES;
				GCC_WARN_ABOUT_RETURN_TYPE = YES_ERROR;
				GCC_WARN_UNDECLARED_SELECTOR = YES;
				GCC_WARN_UNINITIALIZED_AUTOS = YES_AGGRESSIVE;
				GCC_WARN_UNUSED_FUNCTION = YES;
				GCC_WARN_UNUSED_VARIABLE = YES;
				IPHONEOS_DEPLOYMENT_TARGET = 14.2;
				MTL_ENABLE_DEBUG_INFO = INCLUDE_SOURCE;
				MTL_FAST_MATH = YES;
				ONLY_ACTIVE_ARCH = YES;
				SDKROOT = iphoneos;
				SWIFT_ACTIVE_COMPILATION_CONDITIONS = DEBUG;
				SWIFT_OPTIMIZATION_LEVEL = "-Onone";
			};
			name = Debug;
		};
		CC3D5C42256160B8003A0081 /* Release */ = {
			isa = XCBuildConfiguration;
			buildSettings = {
				ALWAYS_SEARCH_USER_PATHS = NO;
				CLANG_ANALYZER_NONNULL = YES;
				CLANG_ANALYZER_NUMBER_OBJECT_CONVERSION = YES_AGGRESSIVE;
				CLANG_CXX_LANGUAGE_STANDARD = "gnu++14";
				CLANG_CXX_LIBRARY = "libc++";
				CLANG_ENABLE_MODULES = YES;
				CLANG_ENABLE_OBJC_ARC = YES;
				CLANG_ENABLE_OBJC_WEAK = YES;
				CLANG_WARN_BLOCK_CAPTURE_AUTORELEASING = YES;
				CLANG_WARN_BOOL_CONVERSION = YES;
				CLANG_WARN_COMMA = YES;
				CLANG_WARN_CONSTANT_CONVERSION = YES;
				CLANG_WARN_DEPRECATED_OBJC_IMPLEMENTATIONS = YES;
				CLANG_WARN_DIRECT_OBJC_ISA_USAGE = YES_ERROR;
				CLANG_WARN_DOCUMENTATION_COMMENTS = YES;
				CLANG_WARN_EMPTY_BODY = YES;
				CLANG_WARN_ENUM_CONVERSION = YES;
				CLANG_WARN_INFINITE_RECURSION = YES;
				CLANG_WARN_INT_CONVERSION = YES;
				CLANG_WARN_NON_LITERAL_NULL_CONVERSION = YES;
				CLANG_WARN_OBJC_IMPLICIT_RETAIN_SELF = YES;
				CLANG_WARN_OBJC_LITERAL_CONVERSION = YES;
				CLANG_WARN_OBJC_ROOT_CLASS = YES_ERROR;
				CLANG_WARN_QUOTED_INCLUDE_IN_FRAMEWORK_HEADER = YES;
				CLANG_WARN_RANGE_LOOP_ANALYSIS = YES;
				CLANG_WARN_STRICT_PROTOTYPES = YES;
				CLANG_WARN_SUSPICIOUS_MOVE = YES;
				CLANG_WARN_UNGUARDED_AVAILABILITY = YES_AGGRESSIVE;
				CLANG_WARN_UNREACHABLE_CODE = YES;
				CLANG_WARN__DUPLICATE_METHOD_MATCH = YES;
				COPY_PHASE_STRIP = NO;
				DEBUG_INFORMATION_FORMAT = "dwarf-with-dsym";
				ENABLE_NS_ASSERTIONS = NO;
				ENABLE_STRICT_OBJC_MSGSEND = YES;
				GCC_C_LANGUAGE_STANDARD = gnu11;
				GCC_NO_COMMON_BLOCKS = YES;
				GCC_WARN_64_TO_32_BIT_CONVERSION = YES;
				GCC_WARN_ABOUT_RETURN_TYPE = YES_ERROR;
				GCC_WARN_UNDECLARED_SELECTOR = YES;
				GCC_WARN_UNINITIALIZED_AUTOS = YES_AGGRESSIVE;
				GCC_WARN_UNUSED_FUNCTION = YES;
				GCC_WARN_UNUSED_VARIABLE = YES;
				IPHONEOS_DEPLOYMENT_TARGET = 14.2;
				MTL_ENABLE_DEBUG_INFO = NO;
				MTL_FAST_MATH = YES;
				SDKROOT = iphoneos;
				SWIFT_COMPILATION_MODE = wholemodule;
				SWIFT_OPTIMIZATION_LEVEL = "-O";
				VALIDATE_PRODUCT = YES;
			};
			name = Release;
		};
		CC3D5C44256160B8003A0081 /* Debug */ = {
			isa = XCBuildConfiguration;
			baseConfigurationReference = D95DB5716DD90FDE57D08CF1 /* Pods-ProSoohyuk.debug.xcconfig */;
			buildSettings = {
				ASSETCATALOG_COMPILER_APPICON_NAME = AppIcon;
				ASSETCATALOG_COMPILER_GLOBAL_ACCENT_COLOR_NAME = AccentColor;
				CODE_SIGN_ENTITLEMENTS = ProSoohyuk/ProSoohyuk.entitlements;
				CODE_SIGN_IDENTITY = "Apple Development";
				CODE_SIGN_STYLE = Automatic;
				DEVELOPMENT_TEAM = BW7UK2S3BW;
				INFOPLIST_FILE = ProSoohyuk/Info.plist;
				IPHONEOS_DEPLOYMENT_TARGET = 13.0;
				LD_RUNPATH_SEARCH_PATHS = (
					"$(inherited)",
					"@executable_path/Frameworks",
				);
				PRODUCT_BUNDLE_IDENTIFIER = com.prosoohyuk.ProSoohyuk;
				PRODUCT_NAME = "$(TARGET_NAME)";
				PROVISIONING_PROFILE_SPECIFIER = "";
				SWIFT_VERSION = 5.0;
				TARGETED_DEVICE_FAMILY = 1;
			};
			name = Debug;
		};
		CC3D5C45256160B8003A0081 /* Release */ = {
			isa = XCBuildConfiguration;
			baseConfigurationReference = 9EF710938774DDBD308E05A2 /* Pods-ProSoohyuk.release.xcconfig */;
			buildSettings = {
				ASSETCATALOG_COMPILER_APPICON_NAME = AppIcon;
				ASSETCATALOG_COMPILER_GLOBAL_ACCENT_COLOR_NAME = AccentColor;
				CODE_SIGN_ENTITLEMENTS = ProSoohyuk/ProSoohyuk.entitlements;
				CODE_SIGN_IDENTITY = "Apple Development";
				CODE_SIGN_STYLE = Automatic;
				DEVELOPMENT_TEAM = BW7UK2S3BW;
				INFOPLIST_FILE = ProSoohyuk/Info.plist;
				IPHONEOS_DEPLOYMENT_TARGET = 13.0;
				LD_RUNPATH_SEARCH_PATHS = (
					"$(inherited)",
					"@executable_path/Frameworks",
				);
				PRODUCT_BUNDLE_IDENTIFIER = com.prosoohyuk.ProSoohyuk;
				PRODUCT_NAME = "$(TARGET_NAME)";
				PROVISIONING_PROFILE_SPECIFIER = "";
				SWIFT_VERSION = 5.0;
				TARGETED_DEVICE_FAMILY = 1;
			};
			name = Release;
		};
/* End XCBuildConfiguration section */

/* Begin XCConfigurationList section */
		CC3D5C2A256160B7003A0081 /* Build configuration list for PBXProject "ProSoohyuk" */ = {
			isa = XCConfigurationList;
			buildConfigurations = (
				CC3D5C41256160B8003A0081 /* Debug */,
				CC3D5C42256160B8003A0081 /* Release */,
			);
			defaultConfigurationIsVisible = 0;
			defaultConfigurationName = Release;
		};
		CC3D5C43256160B8003A0081 /* Build configuration list for PBXNativeTarget "ProSoohyuk" */ = {
			isa = XCConfigurationList;
			buildConfigurations = (
				CC3D5C44256160B8003A0081 /* Debug */,
				CC3D5C45256160B8003A0081 /* Release */,
			);
			defaultConfigurationIsVisible = 0;
			defaultConfigurationName = Release;
		};
/* End XCConfigurationList section */
	};
	rootObject = CC3D5C27256160B7003A0081 /* Project object */;
}
